
Microsoft Visual Studio Solution File, Format Version 12.00
# Visual Studio 15
VisualStudioVersion = 15.0.28307.1231
MinimumVisualStudioVersion = 10.0.40219.1
Project("{FAE04EC0-301F-11D3-BF4B-00C04F79EFBC}") = "Iterative_ Statements", "Iterative_ Statements\Iterative_ Statements.csproj", "{BA06F436-FBA3-43D2-91DC-6BE2511B95AC}"
EndProject
Global
	GlobalSection(SolutionConfigurationPlatforms) = preSolution
		Debug|Any CPU = Debug|Any CPU
		Release|Any CPU = Release|Any CPU
	EndGlobalSection
	GlobalSection(ProjectConfigurationPlatforms) = postSolution
		{BA06F436-FBA3-43D2-91DC-6BE2511B95AC}.Debug|Any CPU.ActiveCfg = Debug|Any CPU
		{BA06F436-FBA3-43D2-91DC-6BE2511B95AC}.Debug|Any CPU.Build.0 = Debug|Any CPU
		{BA06F436-FBA3-43D2-91DC-6BE2511B95AC}.Release|Any CPU.ActiveCfg = Release|Any CPU
		{BA06F436-FBA3-43D2-91DC-6BE2511B95AC}.Release|Any CPU.Build.0 = Release|Any CPU
	EndGlobalSection
	GlobalSection(SolutionProperties) = preSolution
		HideSolutionNode = FALSE
	EndGlobalSection
	GlobalSection(ExtensibilityGlobals) = postSolution
		SolutionGuid = {7910E372-DB36-4BE3-8A70-3EB58FDBDDA0}
	EndGlobalSection
EndGlobal
